// !$*UTF8*$!
{
	archiveVersion = 1;
	classes = {
	};
	objectVersion = 50;
	objects = {

/* Begin PBXBuildFile section */
		8E4B7E1F23DA202700187CB0 /* AppDelegate.swift in Sources */ = {isa = PBXBuildFile; fileRef = 8E4B7E1E23DA202700187CB0 /* AppDelegate.swift */; };
		8E4B7E2123DA202700187CB0 /* SceneDelegate.swift in Sources */ = {isa = PBXBuildFile; fileRef = 8E4B7E2023DA202700187CB0 /* SceneDelegate.swift */; };
		8E4B7E2323DA202700187CB0 /* ViewController.swift in Sources */ = {isa = PBXBuildFile; fileRef = 8E4B7E2223DA202700187CB0 /* ViewController.swift */; };
		8E4B7E2623DA202700187CB0 /* Main.storyboard in Resources */ = {isa = PBXBuildFile; fileRef = 8E4B7E2423DA202700187CB0 /* Main.storyboard */; };
		8E4B7E2823DA202800187CB0 /* Assets.xcassets in Resources */ = {isa = PBXBuildFile; fileRef = 8E4B7E2723DA202800187CB0 /* Assets.xcassets */; };
		8E4B7E2B23DA202800187CB0 /* LaunchScreen.storyboard in Resources */ = {isa = PBXBuildFile; fileRef = 8E4B7E2923DA202800187CB0 /* LaunchScreen.storyboard */; };
		8E8E778023DA85EC0080E923 /* AssociatedInspectableCompatible.swift in Sources */ = {isa = PBXBuildFile; fileRef = 8E8E777F23DA85EC0080E923 /* AssociatedInspectableCompatible.swift */; };
		D806503923DE336500A9DB9D /* Asset.swift in Sources */ = {isa = PBXBuildFile; fileRef = D806503723DE336500A9DB9D /* Asset.swift */; };
		D806503A23DE336500A9DB9D /* Items.swift in Sources */ = {isa = PBXBuildFile; fileRef = D806503823DE336500A9DB9D /* Items.swift */; };
/* End PBXBuildFile section */

/* Begin PBXFileReference section */
		8E4B7E1B23DA202700187CB0 /* ExampleImageBase64.app */ = {isa = PBXFileReference; explicitFileType = wrapper.application; includeInIndex = 0; path = ExampleImageBase64.app; sourceTree = BUILT_PRODUCTS_DIR; };
		8E4B7E1E23DA202700187CB0 /* AppDelegate.swift */ = {isa = PBXFileReference; lastKnownFileType = sourcecode.swift; path = AppDelegate.swift; sourceTree = "<group>"; };
		8E4B7E2023DA202700187CB0 /* SceneDelegate.swift */ = {isa = PBXFileReference; lastKnownFileType = sourcecode.swift; path = SceneDelegate.swift; sourceTree = "<group>"; };
		8E4B7E2223DA202700187CB0 /* ViewController.swift */ = {isa = PBXFileReference; lastKnownFileType = sourcecode.swift; path = ViewController.swift; sourceTree = "<group>"; };
		8E4B7E2523DA202700187CB0 /* Base */ = {isa = PBXFileReference; lastKnownFileType = file.storyboard; name = Base; path = Base.lproj/Main.storyboard; sourceTree = "<group>"; };
		8E4B7E2723DA202800187CB0 /* Assets.xcassets */ = {isa = PBXFileReference; lastKnownFileType = folder.assetcatalog; path = Assets.xcassets; sourceTree = "<group>"; };
		8E4B7E2A23DA202800187CB0 /* Base */ = {isa = PBXFileReference; lastKnownFileType = file.storyboard; name = Base; path = Base.lproj/LaunchScreen.storyboard; sourceTree = "<group>"; };
		8E4B7E2C23DA202800187CB0 /* Info.plist */ = {isa = PBXFileReference; lastKnownFileType = text.plist.xml; path = Info.plist; sourceTree = "<group>"; };
		8E8E777F23DA85EC0080E923 /* AssociatedInspectableCompatible.swift */ = {isa = PBXFileReference; fileEncoding = 4; lastKnownFileType = sourcecode.swift; path = AssociatedInspectableCompatible.swift; sourceTree = "<group>"; };
		D806503723DE336500A9DB9D /* Asset.swift */ = {isa = PBXFileReference; fileEncoding = 4; lastKnownFileType = sourcecode.swift; path = Asset.swift; sourceTree = "<group>"; };
		D806503823DE336500A9DB9D /* Items.swift */ = {isa = PBXFileReference; fileEncoding = 4; lastKnownFileType = sourcecode.swift; path = Items.swift; sourceTree = "<group>"; };
/* End PBXFileReference section */

/* Begin PBXFrameworksBuildPhase section */
		8E4B7E1823DA202700187CB0 /* Frameworks */ = {
			isa = PBXFrameworksBuildPhase;
			buildActionMask = 2147483647;
			files = (
			);
			runOnlyForDeploymentPostprocessing = 0;
		};
/* End PBXFrameworksBuildPhase section */

/* Begin PBXGroup section */
		8E4B7E1223DA202700187CB0 = {
			isa = PBXGroup;
			children = (
				8E4B7E1D23DA202700187CB0 /* ExampleImageBase64 */,
				8E4B7E1C23DA202700187CB0 /* Products */,
			);
			sourceTree = "<group>";
		};
		8E4B7E1C23DA202700187CB0 /* Products */ = {
			isa = PBXGroup;
			children = (
				8E4B7E1B23DA202700187CB0 /* ExampleImageBase64.app */,
			);
			name = Products;
			sourceTree = "<group>";
		};
		8E4B7E1D23DA202700187CB0 /* ExampleImageBase64 */ = {
			isa = PBXGroup;
			children = (
				8E4B7E3223DA203300187CB0 /* Images */,
				8E4B7E1E23DA202700187CB0 /* AppDelegate.swift */,
				8E4B7E2023DA202700187CB0 /* SceneDelegate.swift */,
				8E4B7E2223DA202700187CB0 /* ViewController.swift */,
				8E4B7E2423DA202700187CB0 /* Main.storyboard */,
				8E4B7E2723DA202800187CB0 /* Assets.xcassets */,
				8E4B7E2923DA202800187CB0 /* LaunchScreen.storyboard */,
				8E4B7E2C23DA202800187CB0 /* Info.plist */,
			);
			path = ExampleImageBase64;
			sourceTree = "<group>";
		};
		8E4B7E3223DA203300187CB0 /* Images */ = {
			isa = PBXGroup;
			children = (
				D806503723DE336500A9DB9D /* Asset.swift */,
				D806503823DE336500A9DB9D /* Items.swift */,
				D8986C9423DE351A00BB8D1B /* Extensions */,
			);
			path = Images;
			sourceTree = "<group>";
		};
		D8986C9423DE351A00BB8D1B /* Extensions */ = {
			isa = PBXGroup;
			children = (
				8E8E777F23DA85EC0080E923 /* AssociatedInspectableCompatible.swift */,
			);
			name = Extensions;
			sourceTree = "<group>";
		};
/* End PBXGroup section */

/* Begin PBXNativeTarget section */
		8E4B7E1A23DA202700187CB0 /* ExampleImageBase64 */ = {
			isa = PBXNativeTarget;
			buildConfigurationList = 8E4B7E2F23DA202800187CB0 /* Build configuration list for PBXNativeTarget "ExampleImageBase64" */;
			buildPhases = (
				8E4B7E1723DA202700187CB0 /* Sources */,
				8E4B7E1823DA202700187CB0 /* Frameworks */,
				8E4B7E1923DA202700187CB0 /* Resources */,
			);
			buildRules = (
			);
			dependencies = (
			);
			name = ExampleImageBase64;
			productName = ImageBase64;
			productReference = 8E4B7E1B23DA202700187CB0 /* ExampleImageBase64.app */;
			productType = "com.apple.product-type.application";
		};
/* End PBXNativeTarget section */

/* Begin PBXProject section */
		8E4B7E1323DA202700187CB0 /* Project object */ = {
			isa = PBXProject;
			attributes = {
				LastSwiftUpdateCheck = 1130;
				LastUpgradeCheck = 1130;
				ORGANIZATIONNAME = "";
				TargetAttributes = {
					8E4B7E1A23DA202700187CB0 = {
						CreatedOnToolsVersion = 11.3.1;
					};
				};
			};
			buildConfigurationList = 8E4B7E1623DA202700187CB0 /* Build configuration list for PBXProject "ExampleImageBase64" */;
			compatibilityVersion = "Xcode 9.3";
			developmentRegion = en;
			hasScannedForEncodings = 0;
			knownRegions = (
				en,
				Base,
			);
			mainGroup = 8E4B7E1223DA202700187CB0;
			productRefGroup = 8E4B7E1C23DA202700187CB0 /* Products */;
			projectDirPath = "";
			projectRoot = "";
			targets = (
				8E4B7E1A23DA202700187CB0 /* ExampleImageBase64 */,
			);
		};
/* End PBXProject section */

/* Begin PBXResourcesBuildPhase section */
		8E4B7E1923DA202700187CB0 /* Resources */ = {
			isa = PBXResourcesBuildPhase;
			buildActionMask = 2147483647;
			files = (
				8E4B7E2B23DA202800187CB0 /* LaunchScreen.storyboard in Resources */,
				8E4B7E2823DA202800187CB0 /* Assets.xcassets in Resources */,
				8E4B7E2623DA202700187CB0 /* Main.storyboard in Resources */,
			);
			runOnlyForDeploymentPostprocessing = 0;
		};
/* End PBXResourcesBuildPhase section */

/* Begin PBXSourcesBuildPhase section */
		8E4B7E1723DA202700187CB0 /* Sources */ = {
			isa = PBXSourcesBuildPhase;
			buildActionMask = 2147483647;
			files = (
				D806503A23DE336500A9DB9D /* Items.swift in Sources */,
				8E4B7E2323DA202700187CB0 /* ViewController.swift in Sources */,
				D806503923DE336500A9DB9D /* Asset.swift in Sources */,
				8E8E778023DA85EC0080E923 /* AssociatedInspectableCompatible.swift in Sources */,
				8E4B7E1F23DA202700187CB0 /* AppDelegate.swift in Sources */,
				8E4B7E2123DA202700187CB0 /* SceneDelegate.swift in Sources */,
			);
			runOnlyForDeploymentPostprocessing = 0;
		};
/* End PBXSourcesBuildPhase section */

/* Begin PBXVariantGroup section */
		8E4B7E2423DA202700187CB0 /* Main.storyboard */ = {
			isa = PBXVariantGroup;
			children = (
				8E4B7E2523DA202700187CB0 /* Base */,
			);
			name = Main.storyboard;
			sourceTree = "<group>";
		};
		8E4B7E2923DA202800187CB0 /* LaunchScreen.storyboard */ = {
			isa = PBXVariantGroup;
			children = (
				8E4B7E2A23DA202800187CB0 /* Base */,
			);
			name = LaunchScreen.storyboard;
			sourceTree = "<group>";
		};
/* End PBXVariantGroup section */

/* Begin XCBuildConfiguration section */
		8E4B7E2D23DA202800187CB0 /* Debug */ = {
			isa = XCBuildConfiguration;
			buildSettings = {
				ALWAYS_SEARCH_USER_PATHS = NO;
				CLANG_ANALYZER_NONNULL = YES;
				CLANG_ANALYZER_NUMBER_OBJECT_CONVERSION = YES_AGGRESSIVE;
				CLANG_CXX_LANGUAGE_STANDARD = "gnu++14";
				CLANG_CXX_LIBRARY = "libc++";
				CLANG_ENABLE_MODULES = YES;
				CLANG_ENABLE_OBJC_ARC = YES;
				CLANG_ENABLE_OBJC_WEAK = YES;
				CLANG_WARN_BLOCK_CAPTURE_AUTORELEASING = YES;
				CLANG_WARN_BOOL_CONVERSION = YES;
				CLANG_WARN_COMMA = YES;
				CLANG_WARN_CONSTANT_CONVERSION = YES;
				CLANG_WARN_DEPRECATED_OBJC_IMPLEMENTATIONS = YES;
				CLANG_WARN_DIRECT_OBJC_ISA_USAGE = YES_ERROR;
				CLANG_WARN_DOCUMENTATION_COMMENTS = YES;
				CLANG_WARN_EMPTY_BODY = YES;
				CLANG_WARN_ENUM_CONVERSION = YES;
				CLANG_WARN_INFINITE_RECURSION = YES;
				CLANG_WARN_INT_CONVERSION = YES;
				CLANG_WARN_NON_LITERAL_NULL_CONVERSION = YES;
				CLANG_WARN_OBJC_IMPLICIT_RETAIN_SELF = YES;
				CLANG_WARN_OBJC_LITERAL_CONVERSION = YES;
				CLANG_WARN_OBJC_ROOT_CLASS = YES_ERROR;
				CLANG_WARN_RANGE_LOOP_ANALYSIS = YES;
				CLANG_WARN_STRICT_PROTOTYPES = YES;
				CLANG_WARN_SUSPICIOUS_MOVE = YES;
				CLANG_WARN_UNGUARDED_AVAILABILITY = YES_AGGRESSIVE;
				CLANG_WARN_UNREACHABLE_CODE = YES;
				CLANG_WARN__DUPLICATE_METHOD_MATCH = YES;
				COPY_PHASE_STRIP = NO;
				DEBUG_INFORMATION_FORMAT = dwarf;
				ENABLE_STRICT_OBJC_MSGSEND = YES;
				ENABLE_TESTABILITY = YES;
				GCC_C_LANGUAGE_STANDARD = gnu11;
				GCC_DYNAMIC_NO_PIC = NO;
				GCC_NO_COMMON_BLOCKS = YES;
				GCC_OPTIMIZATION_LEVEL = 0;
				GCC_PREPROCESSOR_DEFINITIONS = (
					"DEBUG=1",
					"$(inherited)",
				);
				GCC_WARN_64_TO_32_BIT_CONVERSION = YES;
				GCC_WARN_ABOUT_RETURN_TYPE = YES_ERROR;
				GCC_WARN_UNDECLARED_SELECTOR = YES;
				GCC_WARN_UNINITIALIZED_AUTOS = YES_AGGRESSIVE;
				GCC_WARN_UNUSED_FUNCTION = YES;
				GCC_WARN_UNUSED_VARIABLE = YES;
				IPHONEOS_DEPLOYMENT_TARGET = 13.0;
				MTL_ENABLE_DEBUG_INFO = INCLUDE_SOURCE;
				MTL_FAST_MATH = YES;
				ONLY_ACTIVE_ARCH = YES;
				SDKROOT = iphoneos;
				SWIFT_ACTIVE_COMPILATION_CONDITIONS = DEBUG;
				SWIFT_OPTIMIZATION_LEVEL = "-Onone";
				SWIFT_VERSION = 5.0;
			};
			name = Debug;
		};
		8E4B7E2E23DA202800187CB0 /* Release */ = {
			isa = XCBuildConfiguration;
			buildSettings = {
				ALWAYS_SEARCH_USER_PATHS = NO;
				CLANG_ANALYZER_NONNULL = YES;
				CLANG_ANALYZER_NUMBER_OBJECT_CONVERSION = YES_AGGRESSIVE;
				CLANG_CXX_LANGUAGE_STANDARD = "gnu++14";
				CLANG_CXX_LIBRARY = "libc++";
				CLANG_ENABLE_MODULES = YES;
				CLANG_ENABLE_OBJC_ARC = YES;
				CLANG_ENABLE_OBJC_WEAK = YES;
				CLANG_WARN_BLOCK_CAPTURE_AUTORELEASING = YES;
				CLANG_WARN_BOOL_CONVERSION = YES;
				CLANG_WARN_COMMA = YES;
				CLANG_WARN_CONSTANT_CONVERSION = YES;
				CLANG_WARN_DEPRECATED_OBJC_IMPLEMENTATIONS = YES;
				CLANG_WARN_DIRECT_OBJC_ISA_USAGE = YES_ERROR;
				CLANG_WARN_DOCUMENTATION_COMMENTS = YES;
				CLANG_WARN_EMPTY_BODY = YES;
				CLANG_WARN_ENUM_CONVERSION = YES;
				CLANG_WARN_INFINITE_RECURSION = YES;
				CLANG_WARN_INT_CONVERSION = YES;
				CLANG_WARN_NON_LITERAL_NULL_CONVERSION = YES;
				CLANG_WARN_OBJC_IMPLICIT_RETAIN_SELF = YES;
				CLANG_WARN_OBJC_LITERAL_CONVERSION = YES;
				CLANG_WARN_OBJC_ROOT_CLASS = YES_ERROR;
				CLANG_WARN_RANGE_LOOP_ANALYSIS = YES;
				CLANG_WARN_STRICT_PROTOTYPES = YES;
				CLANG_WARN_SUSPICIOUS_MOVE = YES;
				CLANG_WARN_UNGUARDED_AVAILABILITY = YES_AGGRESSIVE;
				CLANG_WARN_UNREACHABLE_CODE = YES;
				CLANG_WARN__DUPLICATE_METHOD_MATCH = YES;
				COPY_PHASE_STRIP = NO;
				DEBUG_INFORMATION_FORMAT = "dwarf-with-dsym";
				ENABLE_NS_ASSERTIONS = NO;
				ENABLE_STRICT_OBJC_MSGSEND = YES;
				GCC_C_LANGUAGE_STANDARD = gnu11;
				GCC_NO_COMMON_BLOCKS = YES;
				GCC_WARN_64_TO_32_BIT_CONVERSION = YES;
				GCC_WARN_ABOUT_RETURN_TYPE = YES_ERROR;
				GCC_WARN_UNDECLARED_SELECTOR = YES;
				GCC_WARN_UNINITIALIZED_AUTOS = YES_AGGRESSIVE;
				GCC_WARN_UNUSED_FUNCTION = YES;
				GCC_WARN_UNUSED_VARIABLE = YES;
				IPHONEOS_DEPLOYMENT_TARGET = 13.0;
				MTL_ENABLE_DEBUG_INFO = NO;
				MTL_FAST_MATH = YES;
				SDKROOT = iphoneos;
				SWIFT_COMPILATION_MODE = wholemodule;
				SWIFT_OPTIMIZATION_LEVEL = "-O";
				SWIFT_VERSION = 5.0;
				VALIDATE_PRODUCT = YES;
			};
			name = Release;
		};
		8E4B7E3023DA202800187CB0 /* Debug */ = {
			isa = XCBuildConfiguration;
			buildSettings = {
				ASSETCATALOG_COMPILER_APPICON_NAME = AppIcon;
				CODE_SIGN_STYLE = Automatic;
				INFOPLIST_FILE = "$(SRCROOT)/ExampleImageBase64/Info.plist";
				IPHONEOS_DEPLOYMENT_TARGET = 13.0;
				LD_RUNPATH_SEARCH_PATHS = (
					"$(inherited)",
					"@executable_path/Frameworks",
				);
				MARKETING_VERSION = 1.0.0;
				PRODUCT_BUNDLE_IDENTIFIER = com.kurrentap.ExampleImageBase64;
				PRODUCT_NAME = "$(TARGET_NAME)";
				SWIFT_VERSION = 5.0;
				TARGETED_DEVICE_FAMILY = "1,2";
			};
			name = Debug;
		};
		8E4B7E3123DA202800187CB0 /* Release */ = {
			isa = XCBuildConfiguration;
			buildSettings = {
				ASSETCATALOG_COMPILER_APPICON_NAME = AppIcon;
				CODE_SIGN_STYLE = Automatic;
				INFOPLIST_FILE = "$(SRCROOT)/ExampleImageBase64/Info.plist";
				IPHONEOS_DEPLOYMENT_TARGET = 13.0;
				LD_RUNPATH_SEARCH_PATHS = (
					"$(inherited)",
					"@executable_path/Frameworks",
				);
				MARKETING_VERSION = 1.0.0;
				PRODUCT_BUNDLE_IDENTIFIER = com.kurrentap.ExampleImageBase64;
				PRODUCT_NAME = "$(TARGET_NAME)";
				SWIFT_VERSION = 5.0;
				TARGETED_DEVICE_FAMILY = "1,2";
			};
			name = Release;
		};
/* End XCBuildConfiguration section */

/* Begin XCConfigurationList section */
		8E4B7E1623DA202700187CB0 /* Build configuration list for PBXProject "ExampleImageBase64" */ = {
			isa = XCConfigurationList;
			buildConfigurations = (
				8E4B7E2D23DA202800187CB0 /* Debug */,
				8E4B7E2E23DA202800187CB0 /* Release */,
			);
			defaultConfigurationIsVisible = 0;
			defaultConfigurationName = Release;
		};
		8E4B7E2F23DA202800187CB0 /* Build configuration list for PBXNativeTarget "ExampleImageBase64" */ = {
			isa = XCConfigurationList;
			buildConfigurations = (
				8E4B7E3023DA202800187CB0 /* Debug */,
				8E4B7E3123DA202800187CB0 /* Release */,
			);
			defaultConfigurationIsVisible = 0;
			defaultConfigurationName = Release;
		};
/* End XCConfigurationList section */
	};
	rootObject = 8E4B7E1323DA202700187CB0 /* Project object */;
}
